
Microsoft Visual Studio Solution File, Format Version 12.00
# Visual Studio Version 16
VisualStudioVersion = 16.0.31112.23
MinimumVisualStudioVersion = 10.0.40219.1
Project("{FAE04EC0-301F-11D3-BF4B-00C04F79EFBC}") = "MainWpfUI", "MainWpfUI\MainWpfUI.csproj", "{3EB8C5DE-FC4E-4B12-BF16-32A7B4A61A96}"
EndProject
Global
	GlobalSection(SolutionConfigurationPlatforms) = preSolution
		Debug|Any CPU = Debug|Any CPU
		Release|Any CPU = Release|Any CPU
	EndGlobalSection
	GlobalSection(ProjectConfigurationPlatforms) = postSolution
		{3EB8C5DE-FC4E-4B12-BF16-32A7B4A61A96}.Debug|Any CPU.ActiveCfg = Debug|Any CPU
		{3EB8C5DE-FC4E-4B12-BF16-32A7B4A61A96}.Debug|Any CPU.Build.0 = Debug|Any CPU
		{3EB8C5DE-FC4E-4B12-BF16-32A7B4A61A96}.Release|Any CPU.ActiveCfg = Release|Any CPU
		{3EB8C5DE-FC4E-4B12-BF16-32A7B4A61A96}.Release|Any CPU.Build.0 = Release|Any CPU
	EndGlobalSection
	GlobalSection(SolutionProperties) = preSolution
		HideSolutionNode = FALSE
	EndGlobalSection
	GlobalSection(ExtensibilityGlobals) = postSolution
		SolutionGuid = {36DD4684-1278-4F4F-9D77-45C1B78822AE}
	EndGlobalSection
EndGlobal
