
Microsoft Visual Studio Solution File, Format Version 12.00
# Visual Studio Version 16
VisualStudioVersion = 16.0.31019.35
MinimumVisualStudioVersion = 10.0.40219.1
Project("{FAE04EC0-301F-11D3-BF4B-00C04F79EFBC}") = "MBSWPF", "MBSWPF\MBSWPF.csproj", "{438285B4-19C0-4AC3-B9C8-B6E6ADBA4EFB}"
EndProject
Project("{FAE04EC0-301F-11D3-BF4B-00C04F79EFBC}") = "MBSLibrary", "MBSLibrary\MBSLibrary.csproj", "{5FAAF244-570A-441A-B661-98DF6D7073BB}"
EndProject
Global
	GlobalSection(SolutionConfigurationPlatforms) = preSolution
		Debug|Any CPU = Debug|Any CPU
		Release|Any CPU = Release|Any CPU
	EndGlobalSection
	GlobalSection(ProjectConfigurationPlatforms) = postSolution
		{438285B4-19C0-4AC3-B9C8-B6E6ADBA4EFB}.Debug|Any CPU.ActiveCfg = Debug|Any CPU
		{438285B4-19C0-4AC3-B9C8-B6E6ADBA4EFB}.Debug|Any CPU.Build.0 = Debug|Any CPU
		{438285B4-19C0-4AC3-B9C8-B6E6ADBA4EFB}.Release|Any CPU.ActiveCfg = Release|Any CPU
		{438285B4-19C0-4AC3-B9C8-B6E6ADBA4EFB}.Release|Any CPU.Build.0 = Release|Any CPU
		{5FAAF244-570A-441A-B661-98DF6D7073BB}.Debug|Any CPU.ActiveCfg = Debug|Any CPU
		{5FAAF244-570A-441A-B661-98DF6D7073BB}.Debug|Any CPU.Build.0 = Debug|Any CPU
		{5FAAF244-570A-441A-B661-98DF6D7073BB}.Release|Any CPU.ActiveCfg = Release|Any CPU
		{5FAAF244-570A-441A-B661-98DF6D7073BB}.Release|Any CPU.Build.0 = Release|Any CPU
	EndGlobalSection
	GlobalSection(SolutionProperties) = preSolution
		HideSolutionNode = FALSE
	EndGlobalSection
	GlobalSection(ExtensibilityGlobals) = postSolution
		SolutionGuid = {716FDDCE-EB50-45A4-A5B0-B4468075D257}
	EndGlobalSection
EndGlobal
